// !$*UTF8*$!
{
	archiveVersion = 1;
	classes = {
	};
	objectVersion = 46;
	objects = {

/* Begin PBXBuildFile section */
		580F82CF18646F6800E035EA /* BezierPathView.m in Sources */ = {isa = PBXBuildFile; fileRef = 580F82CE18646F6800E035EA /* BezierPathView.m */; };
		58606F561861971F009CFE9F /* DropItBehavior.m in Sources */ = {isa = PBXBuildFile; fileRef = 58606F551861971F009CFE9F /* DropItBehavior.m */; };
		58DC20E1183FE00300EE13C3 /* Foundation.framework in Frameworks */ = {isa = PBXBuildFile; fileRef = 58DC20E0183FE00300EE13C3 /* Foundation.framework */; };
		58DC20E3183FE00300EE13C3 /* CoreGraphics.framework in Frameworks */ = {isa = PBXBuildFile; fileRef = 58DC20E2183FE00300EE13C3 /* CoreGraphics.framework */; };
		58DC20E5183FE00300EE13C3 /* UIKit.framework in Frameworks */ = {isa = PBXBuildFile; fileRef = 58DC20E4183FE00300EE13C3 /* UIKit.framework */; };
		58DC20EB183FE00300EE13C3 /* InfoPlist.strings in Resources */ = {isa = PBXBuildFile; fileRef = 58DC20E9183FE00300EE13C3 /* InfoPlist.strings */; };
		58DC20ED183FE00300EE13C3 /* main.m in Sources */ = {isa = PBXBuildFile; fileRef = 58DC20EC183FE00300EE13C3 /* main.m */; };
		58DC20F1183FE00300EE13C3 /* DropItAppDelegate.m in Sources */ = {isa = PBXBuildFile; fileRef = 58DC20F0183FE00300EE13C3 /* DropItAppDelegate.m */; };
		58DC20F4183FE00300EE13C3 /* Main.storyboard in Resources */ = {isa = PBXBuildFile; fileRef = 58DC20F2183FE00300EE13C3 /* Main.storyboard */; };
		58DC20F7183FE00300EE13C3 /* DropItViewController.m in Sources */ = {isa = PBXBuildFile; fileRef = 58DC20F6183FE00300EE13C3 /* DropItViewController.m */; };
		58DC20F9183FE00300EE13C3 /* Images.xcassets in Resources */ = {isa = PBXBuildFile; fileRef = 58DC20F8183FE00300EE13C3 /* Images.xcassets */; };
		58DC2100183FE00300EE13C3 /* XCTest.framework in Frameworks */ = {isa = PBXBuildFile; fileRef = 58DC20FF183FE00300EE13C3 /* XCTest.framework */; };
		58DC2101183FE00300EE13C3 /* Foundation.framework in Frameworks */ = {isa = PBXBuildFile; fileRef = 58DC20E0183FE00300EE13C3 /* Foundation.framework */; };
		58DC2102183FE00300EE13C3 /* UIKit.framework in Frameworks */ = {isa = PBXBuildFile; fileRef = 58DC20E4183FE00300EE13C3 /* UIKit.framework */; };
		58DC210A183FE00300EE13C3 /* InfoPlist.strings in Resources */ = {isa = PBXBuildFile; fileRef = 58DC2108183FE00300EE13C3 /* InfoPlist.strings */; };
		58DC210C183FE00300EE13C3 /* DropItTests.m in Sources */ = {isa = PBXBuildFile; fileRef = 58DC210B183FE00300EE13C3 /* DropItTests.m */; };
/* End PBXBuildFile section */

/* Begin PBXContainerItemProxy section */
		58DC2103183FE00300EE13C3 /* PBXContainerItemProxy */ = {
			isa = PBXContainerItemProxy;
			containerPortal = 58DC20D5183FE00300EE13C3 /* Project object */;
			proxyType = 1;
			remoteGlobalIDString = 58DC20DC183FE00300EE13C3;
			remoteInfo = DropIt;
		};
/* End PBXContainerItemProxy section */

/* Begin PBXFileReference section */
		580F82CD18646F6800E035EA /* BezierPathView.h */ = {isa = PBXFileReference; fileEncoding = 4; lastKnownFileType = sourcecode.c.h; path = BezierPathView.h; sourceTree = "<group>"; };
		580F82CE18646F6800E035EA /* BezierPathView.m */ = {isa = PBXFileReference; fileEncoding = 4; lastKnownFileType = sourcecode.c.objc; path = BezierPathView.m; sourceTree = "<group>"; };
		58606F541861971F009CFE9F /* DropItBehavior.h */ = {isa = PBXFileReference; fileEncoding = 4; lastKnownFileType = sourcecode.c.h; path = DropItBehavior.h; sourceTree = "<group>"; };
		58606F551861971F009CFE9F /* DropItBehavior.m */ = {isa = PBXFileReference; fileEncoding = 4; lastKnownFileType = sourcecode.c.objc; path = DropItBehavior.m; sourceTree = "<group>"; };
		58DC20DD183FE00300EE13C3 /* DropIt.app */ = {isa = PBXFileReference; explicitFileType = wrapper.application; includeInIndex = 0; path = DropIt.app; sourceTree = BUILT_PRODUCTS_DIR; };
		58DC20E0183FE00300EE13C3 /* Foundation.framework */ = {isa = PBXFileReference; lastKnownFileType = wrapper.framework; name = Foundation.framework; path = System/Library/Frameworks/Foundation.framework; sourceTree = SDKROOT; };
		58DC20E2183FE00300EE13C3 /* CoreGraphics.framework */ = {isa = PBXFileReference; lastKnownFileType = wrapper.framework; name = CoreGraphics.framework; path = System/Library/Frameworks/CoreGraphics.framework; sourceTree = SDKROOT; };
		58DC20E4183FE00300EE13C3 /* UIKit.framework */ = {isa = PBXFileReference; lastKnownFileType = wrapper.framework; name = UIKit.framework; path = System/Library/Frameworks/UIKit.framework; sourceTree = SDKROOT; };
		58DC20E8183FE00300EE13C3 /* DropIt-Info.plist */ = {isa = PBXFileReference; lastKnownFileType = text.plist.xml; path = "DropIt-Info.plist"; sourceTree = "<group>"; };
		58DC20EA183FE00300EE13C3 /* en */ = {isa = PBXFileReference; lastKnownFileType = text.plist.strings; name = en; path = en.lproj/InfoPlist.strings; sourceTree = "<group>"; };
		58DC20EC183FE00300EE13C3 /* main.m */ = {isa = PBXFileReference; lastKnownFileType = sourcecode.c.objc; path = main.m; sourceTree = "<group>"; };
		58DC20EE183FE00300EE13C3 /* DropIt-Prefix.pch */ = {isa = PBXFileReference; lastKnownFileType = sourcecode.c.h; path = "DropIt-Prefix.pch"; sourceTree = "<group>"; };
		58DC20EF183FE00300EE13C3 /* DropItAppDelegate.h */ = {isa = PBXFileReference; lastKnownFileType = sourcecode.c.h; path = DropItAppDelegate.h; sourceTree = "<group>"; };
		58DC20F0183FE00300EE13C3 /* DropItAppDelegate.m */ = {isa = PBXFileReference; lastKnownFileType = sourcecode.c.objc; path = DropItAppDelegate.m; sourceTree = "<group>"; };
		58DC20F3183FE00300EE13C3 /* Base */ = {isa = PBXFileReference; lastKnownFileType = file.storyboard; name = Base; path = Base.lproj/Main.storyboard; sourceTree = "<group>"; };
		58DC20F5183FE00300EE13C3 /* DropItViewController.h */ = {isa = PBXFileReference; lastKnownFileType = sourcecode.c.h; path = DropItViewController.h; sourceTree = "<group>"; };
		58DC20F6183FE00300EE13C3 /* DropItViewController.m */ = {isa = PBXFileReference; lastKnownFileType = sourcecode.c.objc; path = DropItViewController.m; sourceTree = "<group>"; };
		58DC20F8183FE00300EE13C3 /* Images.xcassets */ = {isa = PBXFileReference; lastKnownFileType = folder.assetcatalog; path = Images.xcassets; sourceTree = "<group>"; };
		58DC20FE183FE00300EE13C3 /* DropItTests.xctest */ = {isa = PBXFileReference; explicitFileType = wrapper.cfbundle; includeInIndex = 0; path = DropItTests.xctest; sourceTree = BUILT_PRODUCTS_DIR; };
		58DC20FF183FE00300EE13C3 /* XCTest.framework */ = {isa = PBXFileReference; lastKnownFileType = wrapper.framework; name = XCTest.framework; path = Library/Frameworks/XCTest.framework; sourceTree = DEVELOPER_DIR; };
		58DC2107183FE00300EE13C3 /* DropItTests-Info.plist */ = {isa = PBXFileReference; lastKnownFileType = text.plist.xml; path = "DropItTests-Info.plist"; sourceTree = "<group>"; };
		58DC2109183FE00300EE13C3 /* en */ = {isa = PBXFileReference; lastKnownFileType = text.plist.strings; name = en; path = en.lproj/InfoPlist.strings; sourceTree = "<group>"; };
		58DC210B183FE00300EE13C3 /* DropItTests.m */ = {isa = PBXFileReference; lastKnownFileType = sourcecode.c.objc; path = DropItTests.m; sourceTree = "<group>"; };
/* End PBXFileReference section */

/* Begin PBXFrameworksBuildPhase section */
		58DC20DA183FE00300EE13C3 /* Frameworks */ = {
			isa = PBXFrameworksBuildPhase;
			buildActionMask = 2147483647;
			files = (
				58DC20E3183FE00300EE13C3 /* CoreGraphics.framework in Frameworks */,
				58DC20E5183FE00300EE13C3 /* UIKit.framework in Frameworks */,
				58DC20E1183FE00300EE13C3 /* Foundation.framework in Frameworks */,
			);
			runOnlyForDeploymentPostprocessing = 0;
		};
		58DC20FB183FE00300EE13C3 /* Frameworks */ = {
			isa = PBXFrameworksBuildPhase;
			buildActionMask = 2147483647;
			files = (
				58DC2100183FE00300EE13C3 /* XCTest.framework in Frameworks */,
				58DC2102183FE00300EE13C3 /* UIKit.framework in Frameworks */,
				58DC2101183FE00300EE13C3 /* Foundation.framework in Frameworks */,
			);
			runOnlyForDeploymentPostprocessing = 0;
		};
/* End PBXFrameworksBuildPhase section */

/* Begin PBXGroup section */
		58DC20D4183FE00300EE13C3 = {
			isa = PBXGroup;
			children = (
				58DC20E6183FE00300EE13C3 /* DropIt */,
				58DC2105183FE00300EE13C3 /* DropItTests */,
				58DC20DF183FE00300EE13C3 /* Frameworks */,
				58DC20DE183FE00300EE13C3 /* Products */,
			);
			sourceTree = "<group>";
		};
		58DC20DE183FE00300EE13C3 /* Products */ = {
			isa = PBXGroup;
			children = (
				58DC20DD183FE00300EE13C3 /* DropIt.app */,
				58DC20FE183FE00300EE13C3 /* DropItTests.xctest */,
			);
			name = Products;
			sourceTree = "<group>";
		};
		58DC20DF183FE00300EE13C3 /* Frameworks */ = {
			isa = PBXGroup;
			children = (
				58DC20E0183FE00300EE13C3 /* Foundation.framework */,
				58DC20E2183FE00300EE13C3 /* CoreGraphics.framework */,
				58DC20E4183FE00300EE13C3 /* UIKit.framework */,
				58DC20FF183FE00300EE13C3 /* XCTest.framework */,
			);
			name = Frameworks;
			sourceTree = "<group>";
		};
		58DC20E6183FE00300EE13C3 /* DropIt */ = {
			isa = PBXGroup;
			children = (
				58DC20F2183FE00300EE13C3 /* Main.storyboard */,
				58606F541861971F009CFE9F /* DropItBehavior.h */,
				58606F551861971F009CFE9F /* DropItBehavior.m */,
				58DC20F5183FE00300EE13C3 /* DropItViewController.h */,
				58DC20F6183FE00300EE13C3 /* DropItViewController.m */,
				580F82CD18646F6800E035EA /* BezierPathView.h */,
				580F82CE18646F6800E035EA /* BezierPathView.m */,
				58DC20F8183FE00300EE13C3 /* Images.xcassets */,
				58DC20E7183FE00300EE13C3 /* Supporting Files */,
			);
			path = DropIt;
			sourceTree = "<group>";
		};
		58DC20E7183FE00300EE13C3 /* Supporting Files */ = {
			isa = PBXGroup;
			children = (
				58DC20EF183FE00300EE13C3 /* DropItAppDelegate.h */,
				58DC20F0183FE00300EE13C3 /* DropItAppDelegate.m */,
				58DC20E8183FE00300EE13C3 /* DropIt-Info.plist */,
				58DC20E9183FE00300EE13C3 /* InfoPlist.strings */,
				58DC20EC183FE00300EE13C3 /* main.m */,
				58DC20EE183FE00300EE13C3 /* DropIt-Prefix.pch */,
			);
			name = "Supporting Files";
			sourceTree = "<group>";
		};
		58DC2105183FE00300EE13C3 /* DropItTests */ = {
			isa = PBXGroup;
			children = (
				58DC210B183FE00300EE13C3 /* DropItTests.m */,
				58DC2106183FE00300EE13C3 /* Supporting Files */,
			);
			path = DropItTests;
			sourceTree = "<group>";
		};
		58DC2106183FE00300EE13C3 /* Supporting Files */ = {
			isa = PBXGroup;
			children = (
				58DC2107183FE00300EE13C3 /* DropItTests-Info.plist */,
				58DC2108183FE00300EE13C3 /* InfoPlist.strings */,
			);
			name = "Supporting Files";
			sourceTree = "<group>";
		};
/* End PBXGroup section */

/* Begin PBXNativeTarget section */
		58DC20DC183FE00300EE13C3 /* DropIt */ = {
			isa = PBXNativeTarget;
			buildConfigurationList = 58DC210F183FE00300EE13C3 /* Build configuration list for PBXNativeTarget "DropIt" */;
			buildPhases = (
				58DC20D9183FE00300EE13C3 /* Sources */,
				58DC20DA183FE00300EE13C3 /* Frameworks */,
				58DC20DB183FE00300EE13C3 /* Resources */,
			);
			buildRules = (
			);
			dependencies = (
			);
			name = DropIt;
			productName = DropIt;
			productReference = 58DC20DD183FE00300EE13C3 /* DropIt.app */;
			productType = "com.apple.product-type.application";
		};
		58DC20FD183FE00300EE13C3 /* DropItTests */ = {
			isa = PBXNativeTarget;
			buildConfigurationList = 58DC2112183FE00300EE13C3 /* Build configuration list for PBXNativeTarget "DropItTests" */;
			buildPhases = (
				58DC20FA183FE00300EE13C3 /* Sources */,
				58DC20FB183FE00300EE13C3 /* Frameworks */,
				58DC20FC183FE00300EE13C3 /* Resources */,
			);
			buildRules = (
			);
			dependencies = (
				58DC2104183FE00300EE13C3 /* PBXTargetDependency */,
			);
			name = DropItTests;
			productName = DropItTests;
			productReference = 58DC20FE183FE00300EE13C3 /* DropItTests.xctest */;
			productType = "com.apple.product-type.bundle.unit-test";
		};
/* End PBXNativeTarget section */

/* Begin PBXProject section */
		58DC20D5183FE00300EE13C3 /* Project object */ = {
			isa = PBXProject;
			attributes = {
				CLASSPREFIX = DropIt;
				LastUpgradeCheck = 0500;
				ORGANIZATIONNAME = "Ashley Robinson";
				TargetAttributes = {
					58DC20FD183FE00300EE13C3 = {
						TestTargetID = 58DC20DC183FE00300EE13C3;
					};
				};
			};
			buildConfigurationList = 58DC20D8183FE00300EE13C3 /* Build configuration list for PBXProject "DropIt" */;
			compatibilityVersion = "Xcode 3.2";
			developmentRegion = English;
			hasScannedForEncodings = 0;
			knownRegions = (
				en,
				Base,
			);
			mainGroup = 58DC20D4183FE00300EE13C3;
			productRefGroup = 58DC20DE183FE00300EE13C3 /* Products */;
			projectDirPath = "";
			projectRoot = "";
			targets = (
				58DC20DC183FE00300EE13C3 /* DropIt */,
				58DC20FD183FE00300EE13C3 /* DropItTests */,
			);
		};
/* End PBXProject section */

/* Begin PBXResourcesBuildPhase section */
		58DC20DB183FE00300EE13C3 /* Resources */ = {
			isa = PBXResourcesBuildPhase;
			buildActionMask = 2147483647;
			files = (
				58DC20F9183FE00300EE13C3 /* Images.xcassets in Resources */,
				58DC20EB183FE00300EE13C3 /* InfoPlist.strings in Resources */,
				58DC20F4183FE00300EE13C3 /* Main.storyboard in Resources */,
			);
			runOnlyForDeploymentPostprocessing = 0;
		};
		58DC20FC183FE00300EE13C3 /* Resources */ = {
			isa = PBXResourcesBuildPhase;
			buildActionMask = 2147483647;
			files = (
				58DC210A183FE00300EE13C3 /* InfoPlist.strings in Resources */,
			);
			runOnlyForDeploymentPostprocessing = 0;
		};
/* End PBXResourcesBuildPhase section */

/* Begin PBXSourcesBuildPhase section */
		58DC20D9183FE00300EE13C3 /* Sources */ = {
			isa = PBXSourcesBuildPhase;
			buildActionMask = 2147483647;
			files = (
				58DC20F1183FE00300EE13C3 /* DropItAppDelegate.m in Sources */,
				58606F561861971F009CFE9F /* DropItBehavior.m in Sources */,
				580F82CF18646F6800E035EA /* BezierPathView.m in Sources */,
				58DC20ED183FE00300EE13C3 /* main.m in Sources */,
				58DC20F7183FE00300EE13C3 /* DropItViewController.m in Sources */,
			);
			runOnlyForDeploymentPostprocessing = 0;
		};
		58DC20FA183FE00300EE13C3 /* Sources */ = {
			isa = PBXSourcesBuildPhase;
			buildActionMask = 2147483647;
			files = (
				58DC210C183FE00300EE13C3 /* DropItTests.m in Sources */,
			);
			runOnlyForDeploymentPostprocessing = 0;
		};
/* End PBXSourcesBuildPhase section */

/* Begin PBXTargetDependency section */
		58DC2104183FE00300EE13C3 /* PBXTargetDependency */ = {
			isa = PBXTargetDependency;
			target = 58DC20DC183FE00300EE13C3 /* DropIt */;
			targetProxy = 58DC2103183FE00300EE13C3 /* PBXContainerItemProxy */;
		};
/* End PBXTargetDependency section */

/* Begin PBXVariantGroup section */
		58DC20E9183FE00300EE13C3 /* InfoPlist.strings */ = {
			isa = PBXVariantGroup;
			children = (
				58DC20EA183FE00300EE13C3 /* en */,
			);
			name = InfoPlist.strings;
			sourceTree = "<group>";
		};
		58DC20F2183FE00300EE13C3 /* Main.storyboard */ = {
			isa = PBXVariantGroup;
			children = (
				58DC20F3183FE00300EE13C3 /* Base */,
			);
			name = Main.storyboard;
			sourceTree = "<group>";
		};
		58DC2108183FE00300EE13C3 /* InfoPlist.strings */ = {
			isa = PBXVariantGroup;
			children = (
				58DC2109183FE00300EE13C3 /* en */,
			);
			name = InfoPlist.strings;
			sourceTree = "<group>";
		};
/* End PBXVariantGroup section */

/* Begin XCBuildConfiguration section */
		58DC210D183FE00300EE13C3 /* Debug */ = {
			isa = XCBuildConfiguration;
			buildSettings = {
				ALWAYS_SEARCH_USER_PATHS = NO;
				ARCHS = "$(ARCHS_STANDARD_INCLUDING_64_BIT)";
				CLANG_CXX_LANGUAGE_STANDARD = "gnu++0x";
				CLANG_CXX_LIBRARY = "libc++";
				CLANG_ENABLE_MODULES = YES;
				CLANG_ENABLE_OBJC_ARC = YES;
				CLANG_WARN_BOOL_CONVERSION = YES;
				CLANG_WARN_CONSTANT_CONVERSION = YES;
				CLANG_WARN_DIRECT_OBJC_ISA_USAGE = YES_ERROR;
				CLANG_WARN_EMPTY_BODY = YES;
				CLANG_WARN_ENUM_CONVERSION = YES;
				CLANG_WARN_INT_CONVERSION = YES;
				CLANG_WARN_OBJC_ROOT_CLASS = YES_ERROR;
				CLANG_WARN__DUPLICATE_METHOD_MATCH = YES;
				"CODE_SIGN_IDENTITY[sdk=iphoneos*]" = "iPhone Developer";
				COPY_PHASE_STRIP = NO;
				GCC_C_LANGUAGE_STANDARD = gnu99;
				GCC_DYNAMIC_NO_PIC = NO;
				GCC_OPTIMIZATION_LEVEL = 0;
				GCC_PREPROCESSOR_DEFINITIONS = (
					"DEBUG=1",
					"$(inherited)",
				);
				GCC_SYMBOLS_PRIVATE_EXTERN = NO;
				GCC_WARN_64_TO_32_BIT_CONVERSION = YES;
				GCC_WARN_ABOUT_RETURN_TYPE = YES_ERROR;
				GCC_WARN_UNDECLARED_SELECTOR = YES;
				GCC_WARN_UNINITIALIZED_AUTOS = YES;
				GCC_WARN_UNUSED_FUNCTION = YES;
				GCC_WARN_UNUSED_VARIABLE = YES;
				IPHONEOS_DEPLOYMENT_TARGET = 7.0;
				ONLY_ACTIVE_ARCH = YES;
				SDKROOT = iphoneos;
			};
			name = Debug;
		};
		58DC210E183FE00300EE13C3 /* Release */ = {
			isa = XCBuildConfiguration;
			buildSettings = {
				ALWAYS_SEARCH_USER_PATHS = NO;
				ARCHS = "$(ARCHS_STANDARD_INCLUDING_64_BIT)";
				CLANG_CXX_LANGUAGE_STANDARD = "gnu++0x";
				CLANG_CXX_LIBRARY = "libc++";
				CLANG_ENABLE_MODULES = YES;
				CLANG_ENABLE_OBJC_ARC = YES;
				CLANG_WARN_BOOL_CONVERSION = YES;
				CLANG_WARN_CONSTANT_CONVERSION = YES;
				CLANG_WARN_DIRECT_OBJC_ISA_USAGE = YES_ERROR;
				CLANG_WARN_EMPTY_BODY = YES;
				CLANG_WARN_ENUM_CONVERSION = YES;
				CLANG_WARN_INT_CONVERSION = YES;
				CLANG_WARN_OBJC_ROOT_CLASS = YES_ERROR;
				CLANG_WARN__DUPLICATE_METHOD_MATCH = YES;
				"CODE_SIGN_IDENTITY[sdk=iphoneos*]" = "iPhone Developer";
				COPY_PHASE_STRIP = YES;
				ENABLE_NS_ASSERTIONS = NO;
				GCC_C_LANGUAGE_STANDARD = gnu99;
				GCC_WARN_64_TO_32_BIT_CONVERSION = YES;
				GCC_WARN_ABOUT_RETURN_TYPE = YES_ERROR;
				GCC_WARN_UNDECLARED_SELECTOR = YES;
				GCC_WARN_UNINITIALIZED_AUTOS = YES;
				GCC_WARN_UNUSED_FUNCTION = YES;
				GCC_WARN_UNUSED_VARIABLE = YES;
				IPHONEOS_DEPLOYMENT_TARGET = 7.0;
				SDKROOT = iphoneos;
				VALIDATE_PRODUCT = YES;
			};
			name = Release;
		};
		58DC2110183FE00300EE13C3 /* Debug */ = {
			isa = XCBuildConfiguration;
			buildSettings = {
				ASSETCATALOG_COMPILER_APPICON_NAME = AppIcon;
				ASSETCATALOG_COMPILER_LAUNCHIMAGE_NAME = LaunchImage;
				GCC_PRECOMPILE_PREFIX_HEADER = YES;
				GCC_PREFIX_HEADER = "DropIt/DropIt-Prefix.pch";
				INFOPLIST_FILE = "DropIt/DropIt-Info.plist";
				PRODUCT_NAME = "$(TARGET_NAME)";
				WRAPPER_EXTENSION = app;
			};
			name = Debug;
		};
		58DC2111183FE00300EE13C3 /* Release */ = {
			isa = XCBuildConfiguration;
			buildSettings = {
				ASSETCATALOG_COMPILER_APPICON_NAME = AppIcon;
				ASSETCATALOG_COMPILER_LAUNCHIMAGE_NAME = LaunchImage;
				GCC_PRECOMPILE_PREFIX_HEADER = YES;
				GCC_PREFIX_HEADER = "DropIt/DropIt-Prefix.pch";
				INFOPLIST_FILE = "DropIt/DropIt-Info.plist";
				PRODUCT_NAME = "$(TARGET_NAME)";
				WRAPPER_EXTENSION = app;
			};
			name = Release;
		};
		58DC2113183FE00300EE13C3 /* Debug */ = {
			isa = XCBuildConfiguration;
			buildSettings = {
				ARCHS = "$(ARCHS_STANDARD_INCLUDING_64_BIT)";
				BUNDLE_LOADER = "$(BUILT_PRODUCTS_DIR)/DropIt.app/DropIt";
				FRAMEWORK_SEARCH_PATHS = (
					"$(SDKROOT)/Developer/Library/Frameworks",
					"$(inherited)",
					"$(DEVELOPER_FRAMEWORKS_DIR)",
				);
				GCC_PRECOMPILE_PREFIX_HEADER = YES;
				GCC_PREFIX_HEADER = "DropIt/DropIt-Prefix.pch";
				GCC_PREPROCESSOR_DEFINITIONS = (
					"DEBUG=1",
					"$(inherited)",
				);
				INFOPLIST_FILE = "DropItTests/DropItTests-Info.plist";
				PRODUCT_NAME = "$(TARGET_NAME)";
				TEST_HOST = "$(BUNDLE_LOADER)";
				WRAPPER_EXTENSION = xctest;
			};
			name = Debug;
		};
		58DC2114183FE00300EE13C3 /* Release */ = {
			isa = XCBuildConfiguration;
			buildSettings = {
				ARCHS = "$(ARCHS_STANDARD_INCLUDING_64_BIT)";
				BUNDLE_LOADER = "$(BUILT_PRODUCTS_DIR)/DropIt.app/DropIt";
				FRAMEWORK_SEARCH_PATHS = (
					"$(SDKROOT)/Developer/Library/Frameworks",
					"$(inherited)",
					"$(DEVELOPER_FRAMEWORKS_DIR)",
				);
				GCC_PRECOMPILE_PREFIX_HEADER = YES;
				GCC_PREFIX_HEADER = "DropIt/DropIt-Prefix.pch";
				INFOPLIST_FILE = "DropItTests/DropItTests-Info.plist";
				PRODUCT_NAME = "$(TARGET_NAME)";
				TEST_HOST = "$(BUNDLE_LOADER)";
				WRAPPER_EXTENSION = xctest;
			};
			name = Release;
		};
/* End XCBuildConfiguration section */

/* Begin XCConfigurationList section */
		58DC20D8183FE00300EE13C3 /* Build configuration list for PBXProject "DropIt" */ = {
			isa = XCConfigurationList;
			buildConfigurations = (
				58DC210D183FE00300EE13C3 /* Debug */,
				58DC210E183FE00300EE13C3 /* Release */,
			);
			defaultConfigurationIsVisible = 0;
			defaultConfigurationName = Release;
		};
		58DC210F183FE00300EE13C3 /* Build configuration list for PBXNativeTarget "DropIt" */ = {
			isa = XCConfigurationList;
			buildConfigurations = (
				58DC2110183FE00300EE13C3 /* Debug */,
				58DC2111183FE00300EE13C3 /* Release */,
			);
			defaultConfigurationIsVisible = 0;
			defaultConfigurationName = Release;
		};
		58DC2112183FE00300EE13C3 /* Build configuration list for PBXNativeTarget "DropItTests" */ = {
			isa = XCConfigurationList;
			buildConfigurations = (
				58DC2113183FE00300EE13C3 /* Debug */,
				58DC2114183FE00300EE13C3 /* Release */,
			);
			defaultConfigurationIsVisible = 0;
			defaultConfigurationName = Release;
		};
/* End XCConfigurationList section */
	};
	rootObject = 58DC20D5183FE00300EE13C3 /* Project object */;
}
